// !$*UTF8*$!
{
	archiveVersion = 1;
	classes = {
	};
	objectVersion = 56;
	objects = {

/* Begin PBXBuildFile section */
		3533DA8163629186B18E6969 /* Pods_RE_FIT.framework in Frameworks */ = {isa = PBXBuildFile; fileRef = D84A43E7FECEAC244D1BCF50 /* Pods_RE_FIT.framework */; };
		C70AE4992A7281DD00D3C251 /* PriceViewController.swift in Sources */ = {isa = PBXBuildFile; fileRef = C70AE4982A7281DD00D3C251 /* PriceViewController.swift */; };
		C726406E2A713E6600CEBFFA /* WritingViewController.swift in Sources */ = {isa = PBXBuildFile; fileRef = C726406D2A713E6600CEBFFA /* WritingViewController.swift */; };
		C732F6DB2A7F5E6C00C26F97 /* TreeCollectionViewCell.swift in Sources */ = {isa = PBXBuildFile; fileRef = C732F6DA2A7F5E6C00C26F97 /* TreeCollectionViewCell.swift */; };
		C732F6DD2A7FA99500C26F97 /* NoUserAlertViewController.swift in Sources */ = {isa = PBXBuildFile; fileRef = C732F6DC2A7FA99500C26F97 /* NoUserAlertViewController.swift */; };
		C732F6DF2A7FAD4500C26F97 /* NoAccountAlertViewController.swift in Sources */ = {isa = PBXBuildFile; fileRef = C732F6DE2A7FAD4500C26F97 /* NoAccountAlertViewController.swift */; };
		C73414422A57B3DE00946ECF /* LoginViewController.swift in Sources */ = {isa = PBXBuildFile; fileRef = C73414412A57B3DE00946ECF /* LoginViewController.swift */; };
		C73414442A5825AE00946ECF /* JoinViewController.swift in Sources */ = {isa = PBXBuildFile; fileRef = C73414432A5825AE00946ECF /* JoinViewController.swift */; };
		C73414462A583B6E00946ECF /* AgreeViewController.swift in Sources */ = {isa = PBXBuildFile; fileRef = C73414452A583B6E00946ECF /* AgreeViewController.swift */; };
		C73CAF5B2A82627A0090E0FD /* StartPageViewController.swift in Sources */ = {isa = PBXBuildFile; fileRef = C73CAF5A2A82627A0090E0FD /* StartPageViewController.swift */; };
		C73CAF5D2A82628E0090E0FD /* MockUpOneViewController.swift in Sources */ = {isa = PBXBuildFile; fileRef = C73CAF5C2A82628E0090E0FD /* MockUpOneViewController.swift */; };
		C73CAF5F2A8262980090E0FD /* MockUpTwoViewController.swift in Sources */ = {isa = PBXBuildFile; fileRef = C73CAF5E2A8262980090E0FD /* MockUpTwoViewController.swift */; };
		C73CAF612A8262A20090E0FD /* MockUpThreeViewController.swift in Sources */ = {isa = PBXBuildFile; fileRef = C73CAF602A8262A20090E0FD /* MockUpThreeViewController.swift */; };
		C73CAF632A8262AC0090E0FD /* MockUpFourViewController.swift in Sources */ = {isa = PBXBuildFile; fileRef = C73CAF622A8262AC0090E0FD /* MockUpFourViewController.swift */; };
		C73CAF652A8262C60090E0FD /* MockUpFiveViewController.swift in Sources */ = {isa = PBXBuildFile; fileRef = C73CAF642A8262C60090E0FD /* MockUpFiveViewController.swift */; };
		C73F31A82A56B49800D515A8 /* Login.storyboard in Resources */ = {isa = PBXBuildFile; fileRef = C73F31A72A56B49800D515A8 /* Login.storyboard */; };
		C7426AC62A6FEF850017371B /* DeleteAlertViewController.swift in Sources */ = {isa = PBXBuildFile; fileRef = C7426AC52A6FEF850017371B /* DeleteAlertViewController.swift */; };
		C751C4722A7A840300616256 /* EnrollClothesViewController.swift in Sources */ = {isa = PBXBuildFile; fileRef = C751C4712A7A840300616256 /* EnrollClothesViewController.swift */; };
		C76870E82A6AAEA000022FC0 /* EmailPost.swift in Sources */ = {isa = PBXBuildFile; fileRef = C76870E72A6AAEA000022FC0 /* EmailPost.swift */; };
		C76877652A5C3F26004FA71F /* FindViewController.swift in Sources */ = {isa = PBXBuildFile; fileRef = C76877642A5C3F26004FA71F /* FindViewController.swift */; };
		C76877672A5C3FA9004FA71F /* FindTabViewController.swift in Sources */ = {isa = PBXBuildFile; fileRef = C76877662A5C3FA9004FA71F /* FindTabViewController.swift */; };
		C76877692A5C4111004FA71F /* TabIDViewController.swift in Sources */ = {isa = PBXBuildFile; fileRef = C76877682A5C4111004FA71F /* TabIDViewController.swift */; };
		C768776B2A5C411C004FA71F /* TabPWViewController.swift in Sources */ = {isa = PBXBuildFile; fileRef = C768776A2A5C411C004FA71F /* TabPWViewController.swift */; };
		C768F4B72A75FDA1004BDAB7 /* ShareWritingUserViewController.swift in Sources */ = {isa = PBXBuildFile; fileRef = C768F4B62A75FDA1004BDAB7 /* ShareWritingUserViewController.swift */; };
		C768F4B92A75FDAE004BDAB7 /* SingoAlertViewController.swift in Sources */ = {isa = PBXBuildFile; fileRef = C768F4B82A75FDAE004BDAB7 /* SingoAlertViewController.swift */; };
		C768F4BB2A760359004BDAB7 /* SingoRealViewController.swift in Sources */ = {isa = PBXBuildFile; fileRef = C768F4BA2A760359004BDAB7 /* SingoRealViewController.swift */; };
		C768F4BD2A760527004BDAB7 /* ShareWritingUserCollectionViewCell.swift in Sources */ = {isa = PBXBuildFile; fileRef = C768F4BC2A760527004BDAB7 /* ShareWritingUserCollectionViewCell.swift */; };
		C768F4BF2A7625E8004BDAB7 /* WritingSingoViewController.swift in Sources */ = {isa = PBXBuildFile; fileRef = C768F4BE2A7625E8004BDAB7 /* WritingSingoViewController.swift */; };
		C768F4C12A768AB4004BDAB7 /* WritingSingoRealViewController.swift in Sources */ = {isa = PBXBuildFile; fileRef = C768F4C02A768AB4004BDAB7 /* WritingSingoRealViewController.swift */; };
		C768F4C32A768AC7004BDAB7 /* WritingSingoEtcViewController.swift in Sources */ = {isa = PBXBuildFile; fileRef = C768F4C22A768AC7004BDAB7 /* WritingSingoEtcViewController.swift */; };
		C768F4C52A768AEC004BDAB7 /* SingoCompleteViewController.swift in Sources */ = {isa = PBXBuildFile; fileRef = C768F4C42A768AEC004BDAB7 /* SingoCompleteViewController.swift */; };
		C76D92E52A6C0B8C0088F2D5 /* CommunityTableViewCell.swift in Sources */ = {isa = PBXBuildFile; fileRef = C76D92E42A6C0B8C0088F2D5 /* CommunityTableViewCell.swift */; };
		C76D92E72A6D33550088F2D5 /* ShareWritingViewController.swift in Sources */ = {isa = PBXBuildFile; fileRef = C76D92E62A6D33550088F2D5 /* ShareWritingViewController.swift */; };
		C76D92E92A6E01D20088F2D5 /* ShareWritingCollectionViewCell.swift in Sources */ = {isa = PBXBuildFile; fileRef = C76D92E82A6E01D20088F2D5 /* ShareWritingCollectionViewCell.swift */; };
		C77166862A4D654100E7F8C8 /* Community.storyboard in Resources */ = {isa = PBXBuildFile; fileRef = C77166852A4D654100E7F8C8 /* Community.storyboard */; };
		C77166882A4D655E00E7F8C8 /* Clothes.storyboard in Resources */ = {isa = PBXBuildFile; fileRef = C77166872A4D655E00E7F8C8 /* Clothes.storyboard */; };
		C771668A2A4D656800E7F8C8 /* MyHome.storyboard in Resources */ = {isa = PBXBuildFile; fileRef = C77166892A4D656800E7F8C8 /* MyHome.storyboard */; };
		C79909942A5E522100296DEC /* FindIDViewController.swift in Sources */ = {isa = PBXBuildFile; fileRef = C79909932A5E522100296DEC /* FindIDViewController.swift */; };
		C79909962A5E522C00296DEC /* FindPWViewController.swift in Sources */ = {isa = PBXBuildFile; fileRef = C79909952A5E522C00296DEC /* FindPWViewController.swift */; };
		C79B5AA22A4D605A00A8B485 /* AppDelegate.swift in Sources */ = {isa = PBXBuildFile; fileRef = C79B5AA12A4D605A00A8B485 /* AppDelegate.swift */; };
		C79B5AA42A4D605A00A8B485 /* SceneDelegate.swift in Sources */ = {isa = PBXBuildFile; fileRef = C79B5AA32A4D605A00A8B485 /* SceneDelegate.swift */; };
		C79B5AA62A4D605A00A8B485 /* ViewController.swift in Sources */ = {isa = PBXBuildFile; fileRef = C79B5AA52A4D605A00A8B485 /* ViewController.swift */; };
		C79B5AA92A4D605A00A8B485 /* Main.storyboard in Resources */ = {isa = PBXBuildFile; fileRef = C79B5AA72A4D605A00A8B485 /* Main.storyboard */; };
		C79B5AAB2A4D605C00A8B485 /* Assets.xcassets in Resources */ = {isa = PBXBuildFile; fileRef = C79B5AAA2A4D605C00A8B485 /* Assets.xcassets */; };
		C79B5AAE2A4D605C00A8B485 /* LaunchScreen.storyboard in Resources */ = {isa = PBXBuildFile; fileRef = C79B5AAC2A4D605C00A8B485 /* LaunchScreen.storyboard */; };
		C7B3C2EA2A7E7239005E2E5A /* SelectClothesViewController.swift in Sources */ = {isa = PBXBuildFile; fileRef = C7B3C2E92A7E7239005E2E5A /* SelectClothesViewController.swift */; };
		C7B3C2EC2A7E7253005E2E5A /* CompleteClothesViewController.swift in Sources */ = {isa = PBXBuildFile; fileRef = C7B3C2EB2A7E7253005E2E5A /* CompleteClothesViewController.swift */; };
		C7B3C2EE2A7E7266005E2E5A /* DeleteClothesViewController.swift in Sources */ = {isa = PBXBuildFile; fileRef = C7B3C2ED2A7E7266005E2E5A /* DeleteClothesViewController.swift */; };
		C7B3C2F02A7E7280005E2E5A /* DuplicateAlertViewController.swift in Sources */ = {isa = PBXBuildFile; fileRef = C7B3C2EF2A7E7280005E2E5A /* DuplicateAlertViewController.swift */; };
		C7B3C2F22A7E754E005E2E5A /* TreeViewController.swift in Sources */ = {isa = PBXBuildFile; fileRef = C7B3C2F12A7E754E005E2E5A /* TreeViewController.swift */; };
		C7B548312A4DDD4A001B3F62 /* MainTabViewController.swift in Sources */ = {isa = PBXBuildFile; fileRef = C7B548302A4DDD4A001B3F62 /* MainTabViewController.swift */; };
		C7B548332A4DDE49001B3F62 /* CommunityViewController.swift in Sources */ = {isa = PBXBuildFile; fileRef = C7B548322A4DDE49001B3F62 /* CommunityViewController.swift */; };
		C7B548352A4DDE75001B3F62 /* ClothesViewController.swift in Sources */ = {isa = PBXBuildFile; fileRef = C7B548342A4DDE75001B3F62 /* ClothesViewController.swift */; };
		C7B548372A4DDE9E001B3F62 /* MyHomeViewController.swift in Sources */ = {isa = PBXBuildFile; fileRef = C7B548362A4DDE9E001B3F62 /* MyHomeViewController.swift */; };
		C7B778C32A4E83FC00494CEC /* APIURL.swift in Sources */ = {isa = PBXBuildFile; fileRef = C7B778C22A4E83FC00494CEC /* APIURL.swift */; };
		C7B7B4AB2A5FA8BC00584E76 /* MyInfoViewController.swift in Sources */ = {isa = PBXBuildFile; fileRef = C7B7B4AA2A5FA8BC00584E76 /* MyInfoViewController.swift */; };
		C7B7B4AD2A5FA8CA00584E76 /* MyFeedViewController.swift in Sources */ = {isa = PBXBuildFile; fileRef = C7B7B4AC2A5FA8CA00584E76 /* MyFeedViewController.swift */; };
		C7B7B4AF2A5FA8D400584E76 /* MyLikeViewController.swift in Sources */ = {isa = PBXBuildFile; fileRef = C7B7B4AE2A5FA8D400584E76 /* MyLikeViewController.swift */; };
		C7B7B4B12A5FA8E500584E76 /* SettingsViewController.swift in Sources */ = {isa = PBXBuildFile; fileRef = C7B7B4B02A5FA8E500584E76 /* SettingsViewController.swift */; };
		C7B7B4B32A5FF9A200584E76 /* EditProfileViewController.swift in Sources */ = {isa = PBXBuildFile; fileRef = C7B7B4B22A5FF9A200584E76 /* EditProfileViewController.swift */; };
		C7B7B4B52A5FF9AD00584E76 /* ChangePWViewController.swift in Sources */ = {isa = PBXBuildFile; fileRef = C7B7B4B42A5FF9AD00584E76 /* ChangePWViewController.swift */; };
		C7B7B4B72A5FFA0200584E76 /* InfoTabViewController.swift in Sources */ = {isa = PBXBuildFile; fileRef = C7B7B4B62A5FFA0200584E76 /* InfoTabViewController.swift */; };
		C7BB294F2A67FD5D009F36F8 /* FeedShareTableViewCell.swift in Sources */ = {isa = PBXBuildFile; fileRef = C7BB294E2A67FD5D009F36F8 /* FeedShareTableViewCell.swift */; };
		C7BB29512A680B74009F36F8 /* FeedSellTableViewCell.swift in Sources */ = {isa = PBXBuildFile; fileRef = C7BB29502A680B74009F36F8 /* FeedSellTableViewCell.swift */; };
		C7BB29532A680B80009F36F8 /* FeedBuyTableViewCell.swift in Sources */ = {isa = PBXBuildFile; fileRef = C7BB29522A680B80009F36F8 /* FeedBuyTableViewCell.swift */; };
		C7D1A1B52A792777004D3D58 /* ClothesCollectionViewCell.swift in Sources */ = {isa = PBXBuildFile; fileRef = C7D1A1B42A792777004D3D58 /* ClothesCollectionViewCell.swift */; };
		C7D4D21D2A866409003E3401 /* ImageEnrollAlertViewController.swift in Sources */ = {isa = PBXBuildFile; fileRef = C7D4D21C2A866409003E3401 /* ImageEnrollAlertViewController.swift */; };
		C7D4D21F2A872195003E3401 /* UserJoinPost.swift in Sources */ = {isa = PBXBuildFile; fileRef = C7D4D21E2A872195003E3401 /* UserJoinPost.swift */; };
		C7D4D2212A872647003E3401 /* FindIDPost.swift in Sources */ = {isa = PBXBuildFile; fileRef = C7D4D2202A872647003E3401 /* FindIDPost.swift */; };
		C7D4D2232A8726C7003E3401 /* FindPWPost.swift in Sources */ = {isa = PBXBuildFile; fileRef = C7D4D2222A8726C7003E3401 /* FindPWPost.swift */; };
		C7D4D2252A87273A003E3401 /* LogoutPost.swift in Sources */ = {isa = PBXBuildFile; fileRef = C7D4D2242A87273A003E3401 /* LogoutPost.swift */; };
		C7D4D2272A872920003E3401 /* ClothEnrollPost.swift in Sources */ = {isa = PBXBuildFile; fileRef = C7D4D2262A872920003E3401 /* ClothEnrollPost.swift */; };
		C7D4D2292A872AAB003E3401 /* CommunityEnrollPost.swift in Sources */ = {isa = PBXBuildFile; fileRef = C7D4D2282A872AAB003E3401 /* CommunityEnrollPost.swift */; };
		C7D4D22B2A87A138003E3401 /* UserInfoModel.swift in Sources */ = {isa = PBXBuildFile; fileRef = C7D4D22A2A87A138003E3401 /* UserInfoModel.swift */; };
		C7F3A51B2A7BD86800062E14 /* CancelAlertViewController.swift in Sources */ = {isa = PBXBuildFile; fileRef = C7F3A51A2A7BD86800062E14 /* CancelAlertViewController.swift */; };
		C7FFB8C22A66C9C5000B7D87 /* FeedSellViewController.swift in Sources */ = {isa = PBXBuildFile; fileRef = C7FFB8C12A66C9C5000B7D87 /* FeedSellViewController.swift */; };
		C7FFB8C42A66C9D2000B7D87 /* FeedShareViewController.swift in Sources */ = {isa = PBXBuildFile; fileRef = C7FFB8C32A66C9D2000B7D87 /* FeedShareViewController.swift */; };
		C7FFB8C62A66C9DC000B7D87 /* FeedBuyViewController.swift in Sources */ = {isa = PBXBuildFile; fileRef = C7FFB8C52A66C9DC000B7D87 /* FeedBuyViewController.swift */; };
/* End PBXBuildFile section */

/* Begin PBXFileReference section */
		C70AE4982A7281DD00D3C251 /* PriceViewController.swift */ = {isa = PBXFileReference; lastKnownFileType = sourcecode.swift; path = PriceViewController.swift; sourceTree = "<group>"; };
		C726406D2A713E6600CEBFFA /* WritingViewController.swift */ = {isa = PBXFileReference; lastKnownFileType = sourcecode.swift; path = WritingViewController.swift; sourceTree = "<group>"; };
		C732F6DA2A7F5E6C00C26F97 /* TreeCollectionViewCell.swift */ = {isa = PBXFileReference; lastKnownFileType = sourcecode.swift; path = TreeCollectionViewCell.swift; sourceTree = "<group>"; };
		C732F6DC2A7FA99500C26F97 /* NoUserAlertViewController.swift */ = {isa = PBXFileReference; lastKnownFileType = sourcecode.swift; path = NoUserAlertViewController.swift; sourceTree = "<group>"; };
		C732F6DE2A7FAD4500C26F97 /* NoAccountAlertViewController.swift */ = {isa = PBXFileReference; lastKnownFileType = sourcecode.swift; path = NoAccountAlertViewController.swift; sourceTree = "<group>"; };
		C73414412A57B3DE00946ECF /* LoginViewController.swift */ = {isa = PBXFileReference; lastKnownFileType = sourcecode.swift; path = LoginViewController.swift; sourceTree = "<group>"; };
		C73414432A5825AE00946ECF /* JoinViewController.swift */ = {isa = PBXFileReference; lastKnownFileType = sourcecode.swift; path = JoinViewController.swift; sourceTree = "<group>"; };
		C73414452A583B6E00946ECF /* AgreeViewController.swift */ = {isa = PBXFileReference; lastKnownFileType = sourcecode.swift; path = AgreeViewController.swift; sourceTree = "<group>"; };
		C73CAF5A2A82627A0090E0FD /* StartPageViewController.swift */ = {isa = PBXFileReference; lastKnownFileType = sourcecode.swift; path = StartPageViewController.swift; sourceTree = "<group>"; };
		C73CAF5C2A82628E0090E0FD /* MockUpOneViewController.swift */ = {isa = PBXFileReference; lastKnownFileType = sourcecode.swift; path = MockUpOneViewController.swift; sourceTree = "<group>"; };
		C73CAF5E2A8262980090E0FD /* MockUpTwoViewController.swift */ = {isa = PBXFileReference; lastKnownFileType = sourcecode.swift; path = MockUpTwoViewController.swift; sourceTree = "<group>"; };
		C73CAF602A8262A20090E0FD /* MockUpThreeViewController.swift */ = {isa = PBXFileReference; lastKnownFileType = sourcecode.swift; path = MockUpThreeViewController.swift; sourceTree = "<group>"; };
		C73CAF622A8262AC0090E0FD /* MockUpFourViewController.swift */ = {isa = PBXFileReference; lastKnownFileType = sourcecode.swift; path = MockUpFourViewController.swift; sourceTree = "<group>"; };
		C73CAF642A8262C60090E0FD /* MockUpFiveViewController.swift */ = {isa = PBXFileReference; lastKnownFileType = sourcecode.swift; path = MockUpFiveViewController.swift; sourceTree = "<group>"; };
		C73F31A72A56B49800D515A8 /* Login.storyboard */ = {isa = PBXFileReference; lastKnownFileType = file.storyboard; path = Login.storyboard; sourceTree = "<group>"; };
		C7426AC52A6FEF850017371B /* DeleteAlertViewController.swift */ = {isa = PBXFileReference; lastKnownFileType = sourcecode.swift; path = DeleteAlertViewController.swift; sourceTree = "<group>"; };
		C751C4712A7A840300616256 /* EnrollClothesViewController.swift */ = {isa = PBXFileReference; lastKnownFileType = sourcecode.swift; path = EnrollClothesViewController.swift; sourceTree = "<group>"; };
		C76870E72A6AAEA000022FC0 /* EmailPost.swift */ = {isa = PBXFileReference; lastKnownFileType = sourcecode.swift; path = EmailPost.swift; sourceTree = "<group>"; };
		C76877642A5C3F26004FA71F /* FindViewController.swift */ = {isa = PBXFileReference; lastKnownFileType = sourcecode.swift; path = FindViewController.swift; sourceTree = "<group>"; };
		C76877662A5C3FA9004FA71F /* FindTabViewController.swift */ = {isa = PBXFileReference; lastKnownFileType = sourcecode.swift; path = FindTabViewController.swift; sourceTree = "<group>"; };
		C76877682A5C4111004FA71F /* TabIDViewController.swift */ = {isa = PBXFileReference; lastKnownFileType = sourcecode.swift; path = TabIDViewController.swift; sourceTree = "<group>"; };
		C768776A2A5C411C004FA71F /* TabPWViewController.swift */ = {isa = PBXFileReference; lastKnownFileType = sourcecode.swift; path = TabPWViewController.swift; sourceTree = "<group>"; };
		C768F4B62A75FDA1004BDAB7 /* ShareWritingUserViewController.swift */ = {isa = PBXFileReference; lastKnownFileType = sourcecode.swift; path = ShareWritingUserViewController.swift; sourceTree = "<group>"; };
		C768F4B82A75FDAE004BDAB7 /* SingoAlertViewController.swift */ = {isa = PBXFileReference; lastKnownFileType = sourcecode.swift; path = SingoAlertViewController.swift; sourceTree = "<group>"; };
		C768F4BA2A760359004BDAB7 /* SingoRealViewController.swift */ = {isa = PBXFileReference; lastKnownFileType = sourcecode.swift; path = SingoRealViewController.swift; sourceTree = "<group>"; };
		C768F4BC2A760527004BDAB7 /* ShareWritingUserCollectionViewCell.swift */ = {isa = PBXFileReference; lastKnownFileType = sourcecode.swift; path = ShareWritingUserCollectionViewCell.swift; sourceTree = "<group>"; };
		C768F4BE2A7625E8004BDAB7 /* WritingSingoViewController.swift */ = {isa = PBXFileReference; lastKnownFileType = sourcecode.swift; path = WritingSingoViewController.swift; sourceTree = "<group>"; };
		C768F4C02A768AB4004BDAB7 /* WritingSingoRealViewController.swift */ = {isa = PBXFileReference; lastKnownFileType = sourcecode.swift; path = WritingSingoRealViewController.swift; sourceTree = "<group>"; };
		C768F4C22A768AC7004BDAB7 /* WritingSingoEtcViewController.swift */ = {isa = PBXFileReference; lastKnownFileType = sourcecode.swift; path = WritingSingoEtcViewController.swift; sourceTree = "<group>"; };
		C768F4C42A768AEC004BDAB7 /* SingoCompleteViewController.swift */ = {isa = PBXFileReference; lastKnownFileType = sourcecode.swift; path = SingoCompleteViewController.swift; sourceTree = "<group>"; };
		C76D92E42A6C0B8C0088F2D5 /* CommunityTableViewCell.swift */ = {isa = PBXFileReference; lastKnownFileType = sourcecode.swift; path = CommunityTableViewCell.swift; sourceTree = "<group>"; };
		C76D92E62A6D33550088F2D5 /* ShareWritingViewController.swift */ = {isa = PBXFileReference; lastKnownFileType = sourcecode.swift; path = ShareWritingViewController.swift; sourceTree = "<group>"; };
		C76D92E82A6E01D20088F2D5 /* ShareWritingCollectionViewCell.swift */ = {isa = PBXFileReference; lastKnownFileType = sourcecode.swift; path = ShareWritingCollectionViewCell.swift; sourceTree = "<group>"; };
		C77166852A4D654100E7F8C8 /* Community.storyboard */ = {isa = PBXFileReference; lastKnownFileType = file.storyboard; path = Community.storyboard; sourceTree = "<group>"; };
		C77166872A4D655E00E7F8C8 /* Clothes.storyboard */ = {isa = PBXFileReference; lastKnownFileType = file.storyboard; path = Clothes.storyboard; sourceTree = "<group>"; };
		C77166892A4D656800E7F8C8 /* MyHome.storyboard */ = {isa = PBXFileReference; lastKnownFileType = file.storyboard; path = MyHome.storyboard; sourceTree = "<group>"; };
		C79909932A5E522100296DEC /* FindIDViewController.swift */ = {isa = PBXFileReference; lastKnownFileType = sourcecode.swift; path = FindIDViewController.swift; sourceTree = "<group>"; };
		C79909952A5E522C00296DEC /* FindPWViewController.swift */ = {isa = PBXFileReference; lastKnownFileType = sourcecode.swift; path = FindPWViewController.swift; sourceTree = "<group>"; };
		C79B5A9E2A4D605A00A8B485 /* RE-FIT.app */ = {isa = PBXFileReference; explicitFileType = wrapper.application; includeInIndex = 0; path = "RE-FIT.app"; sourceTree = BUILT_PRODUCTS_DIR; };
		C79B5AA12A4D605A00A8B485 /* AppDelegate.swift */ = {isa = PBXFileReference; lastKnownFileType = sourcecode.swift; path = AppDelegate.swift; sourceTree = "<group>"; };
		C79B5AA32A4D605A00A8B485 /* SceneDelegate.swift */ = {isa = PBXFileReference; lastKnownFileType = sourcecode.swift; path = SceneDelegate.swift; sourceTree = "<group>"; };
		C79B5AA52A4D605A00A8B485 /* ViewController.swift */ = {isa = PBXFileReference; lastKnownFileType = sourcecode.swift; path = ViewController.swift; sourceTree = "<group>"; };
		C79B5AA82A4D605A00A8B485 /* Base */ = {isa = PBXFileReference; lastKnownFileType = file.storyboard; name = Base; path = Base.lproj/Main.storyboard; sourceTree = "<group>"; };
		C79B5AAA2A4D605C00A8B485 /* Assets.xcassets */ = {isa = PBXFileReference; lastKnownFileType = folder.assetcatalog; path = Assets.xcassets; sourceTree = "<group>"; };
		C79B5AAD2A4D605C00A8B485 /* Base */ = {isa = PBXFileReference; lastKnownFileType = file.storyboard; name = Base; path = Base.lproj/LaunchScreen.storyboard; sourceTree = "<group>"; };
		C79B5AAF2A4D605C00A8B485 /* Info.plist */ = {isa = PBXFileReference; lastKnownFileType = text.plist.xml; path = Info.plist; sourceTree = "<group>"; };
		C7B3C2E92A7E7239005E2E5A /* SelectClothesViewController.swift */ = {isa = PBXFileReference; lastKnownFileType = sourcecode.swift; path = SelectClothesViewController.swift; sourceTree = "<group>"; };
		C7B3C2EB2A7E7253005E2E5A /* CompleteClothesViewController.swift */ = {isa = PBXFileReference; lastKnownFileType = sourcecode.swift; path = CompleteClothesViewController.swift; sourceTree = "<group>"; };
		C7B3C2ED2A7E7266005E2E5A /* DeleteClothesViewController.swift */ = {isa = PBXFileReference; lastKnownFileType = sourcecode.swift; path = DeleteClothesViewController.swift; sourceTree = "<group>"; };
		C7B3C2EF2A7E7280005E2E5A /* DuplicateAlertViewController.swift */ = {isa = PBXFileReference; lastKnownFileType = sourcecode.swift; path = DuplicateAlertViewController.swift; sourceTree = "<group>"; };
		C7B3C2F12A7E754E005E2E5A /* TreeViewController.swift */ = {isa = PBXFileReference; lastKnownFileType = sourcecode.swift; path = TreeViewController.swift; sourceTree = "<group>"; };
		C7B548302A4DDD4A001B3F62 /* MainTabViewController.swift */ = {isa = PBXFileReference; lastKnownFileType = sourcecode.swift; path = MainTabViewController.swift; sourceTree = "<group>"; };
		C7B548322A4DDE49001B3F62 /* CommunityViewController.swift */ = {isa = PBXFileReference; lastKnownFileType = sourcecode.swift; path = CommunityViewController.swift; sourceTree = "<group>"; };
		C7B548342A4DDE75001B3F62 /* ClothesViewController.swift */ = {isa = PBXFileReference; lastKnownFileType = sourcecode.swift; path = ClothesViewController.swift; sourceTree = "<group>"; };
		C7B548362A4DDE9E001B3F62 /* MyHomeViewController.swift */ = {isa = PBXFileReference; lastKnownFileType = sourcecode.swift; path = MyHomeViewController.swift; sourceTree = "<group>"; };
		C7B778C22A4E83FC00494CEC /* APIURL.swift */ = {isa = PBXFileReference; lastKnownFileType = sourcecode.swift; path = APIURL.swift; sourceTree = "<group>"; };
		C7B7B4AA2A5FA8BC00584E76 /* MyInfoViewController.swift */ = {isa = PBXFileReference; lastKnownFileType = sourcecode.swift; path = MyInfoViewController.swift; sourceTree = "<group>"; };
		C7B7B4AC2A5FA8CA00584E76 /* MyFeedViewController.swift */ = {isa = PBXFileReference; lastKnownFileType = sourcecode.swift; path = MyFeedViewController.swift; sourceTree = "<group>"; };
		C7B7B4AE2A5FA8D400584E76 /* MyLikeViewController.swift */ = {isa = PBXFileReference; lastKnownFileType = sourcecode.swift; path = MyLikeViewController.swift; sourceTree = "<group>"; };
		C7B7B4B02A5FA8E500584E76 /* SettingsViewController.swift */ = {isa = PBXFileReference; lastKnownFileType = sourcecode.swift; path = SettingsViewController.swift; sourceTree = "<group>"; };
		C7B7B4B22A5FF9A200584E76 /* EditProfileViewController.swift */ = {isa = PBXFileReference; lastKnownFileType = sourcecode.swift; path = EditProfileViewController.swift; sourceTree = "<group>"; };
		C7B7B4B42A5FF9AD00584E76 /* ChangePWViewController.swift */ = {isa = PBXFileReference; lastKnownFileType = sourcecode.swift; path = ChangePWViewController.swift; sourceTree = "<group>"; };
		C7B7B4B62A5FFA0200584E76 /* InfoTabViewController.swift */ = {isa = PBXFileReference; lastKnownFileType = sourcecode.swift; path = InfoTabViewController.swift; sourceTree = "<group>"; };
		C7BB294E2A67FD5D009F36F8 /* FeedShareTableViewCell.swift */ = {isa = PBXFileReference; lastKnownFileType = sourcecode.swift; path = FeedShareTableViewCell.swift; sourceTree = "<group>"; };
		C7BB29502A680B74009F36F8 /* FeedSellTableViewCell.swift */ = {isa = PBXFileReference; lastKnownFileType = sourcecode.swift; path = FeedSellTableViewCell.swift; sourceTree = "<group>"; };
		C7BB29522A680B80009F36F8 /* FeedBuyTableViewCell.swift */ = {isa = PBXFileReference; lastKnownFileType = sourcecode.swift; path = FeedBuyTableViewCell.swift; sourceTree = "<group>"; };
		C7D1A1B42A792777004D3D58 /* ClothesCollectionViewCell.swift */ = {isa = PBXFileReference; lastKnownFileType = sourcecode.swift; path = ClothesCollectionViewCell.swift; sourceTree = "<group>"; };
		C7D4D21C2A866409003E3401 /* ImageEnrollAlertViewController.swift */ = {isa = PBXFileReference; lastKnownFileType = sourcecode.swift; path = ImageEnrollAlertViewController.swift; sourceTree = "<group>"; };
		C7D4D21E2A872195003E3401 /* UserJoinPost.swift */ = {isa = PBXFileReference; lastKnownFileType = sourcecode.swift; path = UserJoinPost.swift; sourceTree = "<group>"; };
		C7D4D2202A872647003E3401 /* FindIDPost.swift */ = {isa = PBXFileReference; lastKnownFileType = sourcecode.swift; path = FindIDPost.swift; sourceTree = "<group>"; };
		C7D4D2222A8726C7003E3401 /* FindPWPost.swift */ = {isa = PBXFileReference; lastKnownFileType = sourcecode.swift; path = FindPWPost.swift; sourceTree = "<group>"; };
		C7D4D2242A87273A003E3401 /* LogoutPost.swift */ = {isa = PBXFileReference; lastKnownFileType = sourcecode.swift; path = LogoutPost.swift; sourceTree = "<group>"; };
		C7D4D2262A872920003E3401 /* ClothEnrollPost.swift */ = {isa = PBXFileReference; lastKnownFileType = sourcecode.swift; path = ClothEnrollPost.swift; sourceTree = "<group>"; };
		C7D4D2282A872AAB003E3401 /* CommunityEnrollPost.swift */ = {isa = PBXFileReference; lastKnownFileType = sourcecode.swift; path = CommunityEnrollPost.swift; sourceTree = "<group>"; };
		C7D4D22A2A87A138003E3401 /* UserInfoModel.swift */ = {isa = PBXFileReference; lastKnownFileType = sourcecode.swift; path = UserInfoModel.swift; sourceTree = "<group>"; };
		C7F3A51A2A7BD86800062E14 /* CancelAlertViewController.swift */ = {isa = PBXFileReference; lastKnownFileType = sourcecode.swift; path = CancelAlertViewController.swift; sourceTree = "<group>"; };
		C7FFB8C12A66C9C5000B7D87 /* FeedSellViewController.swift */ = {isa = PBXFileReference; lastKnownFileType = sourcecode.swift; path = FeedSellViewController.swift; sourceTree = "<group>"; };
		C7FFB8C32A66C9D2000B7D87 /* FeedShareViewController.swift */ = {isa = PBXFileReference; lastKnownFileType = sourcecode.swift; path = FeedShareViewController.swift; sourceTree = "<group>"; };
		C7FFB8C52A66C9DC000B7D87 /* FeedBuyViewController.swift */ = {isa = PBXFileReference; lastKnownFileType = sourcecode.swift; path = FeedBuyViewController.swift; sourceTree = "<group>"; };
		D84A43E7FECEAC244D1BCF50 /* Pods_RE_FIT.framework */ = {isa = PBXFileReference; explicitFileType = wrapper.framework; includeInIndex = 0; path = Pods_RE_FIT.framework; sourceTree = BUILT_PRODUCTS_DIR; };
		DF9FFD9575CDA486618AA276 /* Pods-RE-FIT.release.xcconfig */ = {isa = PBXFileReference; includeInIndex = 1; lastKnownFileType = text.xcconfig; name = "Pods-RE-FIT.release.xcconfig"; path = "Target Support Files/Pods-RE-FIT/Pods-RE-FIT.release.xcconfig"; sourceTree = "<group>"; };
		FA602EA57996B58FE317E919 /* Pods-RE-FIT.debug.xcconfig */ = {isa = PBXFileReference; includeInIndex = 1; lastKnownFileType = text.xcconfig; name = "Pods-RE-FIT.debug.xcconfig"; path = "Target Support Files/Pods-RE-FIT/Pods-RE-FIT.debug.xcconfig"; sourceTree = "<group>"; };
/* End PBXFileReference section */

/* Begin PBXFrameworksBuildPhase section */
		C79B5A9B2A4D605A00A8B485 /* Frameworks */ = {
			isa = PBXFrameworksBuildPhase;
			buildActionMask = 2147483647;
			files = (
				3533DA8163629186B18E6969 /* Pods_RE_FIT.framework in Frameworks */,
			);
			runOnlyForDeploymentPostprocessing = 0;
		};
/* End PBXFrameworksBuildPhase section */

/* Begin PBXGroup section */
		C73F31A62A56B48100D515A8 /* Login */ = {
			isa = PBXGroup;
			children = (
				C78C5DE92A6A02E6000B5EEC /* LoginAPI */,
				C73F31A72A56B49800D515A8 /* Login.storyboard */,
				C73CAF5A2A82627A0090E0FD /* StartPageViewController.swift */,
				C73CAF5C2A82628E0090E0FD /* MockUpOneViewController.swift */,
				C73CAF5E2A8262980090E0FD /* MockUpTwoViewController.swift */,
				C73CAF602A8262A20090E0FD /* MockUpThreeViewController.swift */,
				C73CAF622A8262AC0090E0FD /* MockUpFourViewController.swift */,
				C73CAF642A8262C60090E0FD /* MockUpFiveViewController.swift */,
				C73414412A57B3DE00946ECF /* LoginViewController.swift */,
				C73414432A5825AE00946ECF /* JoinViewController.swift */,
				C73414452A583B6E00946ECF /* AgreeViewController.swift */,
				C76877642A5C3F26004FA71F /* FindViewController.swift */,
				C76877662A5C3FA9004FA71F /* FindTabViewController.swift */,
				C76877682A5C4111004FA71F /* TabIDViewController.swift */,
				C768776A2A5C411C004FA71F /* TabPWViewController.swift */,
				C79909932A5E522100296DEC /* FindIDViewController.swift */,
				C79909952A5E522C00296DEC /* FindPWViewController.swift */,
				C732F6DC2A7FA99500C26F97 /* NoUserAlertViewController.swift */,
				C732F6DE2A7FAD4500C26F97 /* NoAccountAlertViewController.swift */,
			);
			path = Login;
			sourceTree = "<group>";
		};
		C78C5DE62A6A02C8000B5EEC /* MyHomeAPI */ = {
			isa = PBXGroup;
			children = (
				C7D4D2242A87273A003E3401 /* LogoutPost.swift */,
				C7D4D22A2A87A138003E3401 /* UserInfoModel.swift */,
			);
			path = MyHomeAPI;
			sourceTree = "<group>";
		};
		C78C5DE72A6A02D3000B5EEC /* ClothesAPI */ = {
			isa = PBXGroup;
			children = (
				C7D4D2262A872920003E3401 /* ClothEnrollPost.swift */,
			);
			path = ClothesAPI;
			sourceTree = "<group>";
		};
		C78C5DE82A6A02DB000B5EEC /* CommunityAPI */ = {
			isa = PBXGroup;
			children = (
				C7D4D2282A872AAB003E3401 /* CommunityEnrollPost.swift */,
			);
			path = CommunityAPI;
			sourceTree = "<group>";
		};
		C78C5DE92A6A02E6000B5EEC /* LoginAPI */ = {
			isa = PBXGroup;
			children = (
				C76870E72A6AAEA000022FC0 /* EmailPost.swift */,
				C7D4D21E2A872195003E3401 /* UserJoinPost.swift */,
				C7D4D2202A872647003E3401 /* FindIDPost.swift */,
				C7D4D2222A8726C7003E3401 /* FindPWPost.swift */,
			);
			path = LoginAPI;
			sourceTree = "<group>";
		};
		C79B5A952A4D605A00A8B485 = {
			isa = PBXGroup;
			children = (
				C79B5AA02A4D605A00A8B485 /* RE-FIT */,
				C79B5A9F2A4D605A00A8B485 /* Products */,
				FA4E961F5E0731E8279ED14B /* Pods */,
				D61734DFB6E61181CAD0B7E4 /* Frameworks */,
			);
			sourceTree = "<group>";
		};
		C79B5A9F2A4D605A00A8B485 /* Products */ = {
			isa = PBXGroup;
			children = (
				C79B5A9E2A4D605A00A8B485 /* RE-FIT.app */,
			);
			name = Products;
			sourceTree = "<group>";
		};
		C79B5AA02A4D605A00A8B485 /* RE-FIT */ = {
			isa = PBXGroup;
			children = (
				C7B778C12A4E83A300494CEC /* Network */,
				C73F31A62A56B48100D515A8 /* Login */,
				C7B5483A2A4DDFBD001B3F62 /* MyHome */,
				C7B548392A4DDFB5001B3F62 /* Clothes */,
				C7B548382A4DDFA2001B3F62 /* Community */,
				C79B5AA12A4D605A00A8B485 /* AppDelegate.swift */,
				C79B5AA32A4D605A00A8B485 /* SceneDelegate.swift */,
				C79B5AA52A4D605A00A8B485 /* ViewController.swift */,
				C79B5AA72A4D605A00A8B485 /* Main.storyboard */,
				C79B5AAA2A4D605C00A8B485 /* Assets.xcassets */,
				C79B5AAC2A4D605C00A8B485 /* LaunchScreen.storyboard */,
				C79B5AAF2A4D605C00A8B485 /* Info.plist */,
				C7B548302A4DDD4A001B3F62 /* MainTabViewController.swift */,
			);
			path = "RE-FIT";
			sourceTree = "<group>";
		};
		C7B548382A4DDFA2001B3F62 /* Community */ = {
			isa = PBXGroup;
			children = (
				C78C5DE82A6A02DB000B5EEC /* CommunityAPI */,
				C77166852A4D654100E7F8C8 /* Community.storyboard */,
				C7B548322A4DDE49001B3F62 /* CommunityViewController.swift */,
				C76D92E42A6C0B8C0088F2D5 /* CommunityTableViewCell.swift */,
				C76D92E62A6D33550088F2D5 /* ShareWritingViewController.swift */,
				C76D92E82A6E01D20088F2D5 /* ShareWritingCollectionViewCell.swift */,
				C7426AC52A6FEF850017371B /* DeleteAlertViewController.swift */,
				C726406D2A713E6600CEBFFA /* WritingViewController.swift */,
				C70AE4982A7281DD00D3C251 /* PriceViewController.swift */,
				C768F4B62A75FDA1004BDAB7 /* ShareWritingUserViewController.swift */,
				C768F4BC2A760527004BDAB7 /* ShareWritingUserCollectionViewCell.swift */,
				C768F4B82A75FDAE004BDAB7 /* SingoAlertViewController.swift */,
				C768F4BA2A760359004BDAB7 /* SingoRealViewController.swift */,
				C768F4BE2A7625E8004BDAB7 /* WritingSingoViewController.swift */,
				C768F4C02A768AB4004BDAB7 /* WritingSingoRealViewController.swift */,
				C768F4C22A768AC7004BDAB7 /* WritingSingoEtcViewController.swift */,
				C768F4C42A768AEC004BDAB7 /* SingoCompleteViewController.swift */,
			);
			path = Community;
			sourceTree = "<group>";
		};
		C7B548392A4DDFB5001B3F62 /* Clothes */ = {
			isa = PBXGroup;
			children = (
				C78C5DE72A6A02D3000B5EEC /* ClothesAPI */,
				C77166872A4D655E00E7F8C8 /* Clothes.storyboard */,
				C7B548342A4DDE75001B3F62 /* ClothesViewController.swift */,
				C7D1A1B42A792777004D3D58 /* ClothesCollectionViewCell.swift */,
				C751C4712A7A840300616256 /* EnrollClothesViewController.swift */,
				C7F3A51A2A7BD86800062E14 /* CancelAlertViewController.swift */,
				C7B3C2EB2A7E7253005E2E5A /* CompleteClothesViewController.swift */,
				C7B3C2E92A7E7239005E2E5A /* SelectClothesViewController.swift */,
				C7B3C2ED2A7E7266005E2E5A /* DeleteClothesViewController.swift */,
				C7B3C2EF2A7E7280005E2E5A /* DuplicateAlertViewController.swift */,
				C7B3C2F12A7E754E005E2E5A /* TreeViewController.swift */,
				C732F6DA2A7F5E6C00C26F97 /* TreeCollectionViewCell.swift */,
			);
			path = Clothes;
			sourceTree = "<group>";
		};
		C7B5483A2A4DDFBD001B3F62 /* MyHome */ = {
			isa = PBXGroup;
			children = (
				C78C5DE62A6A02C8000B5EEC /* MyHomeAPI */,
				C77166892A4D656800E7F8C8 /* MyHome.storyboard */,
				C7B548362A4DDE9E001B3F62 /* MyHomeViewController.swift */,
				C7B7B4AA2A5FA8BC00584E76 /* MyInfoViewController.swift */,
				C7B7B4AC2A5FA8CA00584E76 /* MyFeedViewController.swift */,
				C7B7B4AE2A5FA8D400584E76 /* MyLikeViewController.swift */,
				C7B7B4B02A5FA8E500584E76 /* SettingsViewController.swift */,
				C7B7B4B22A5FF9A200584E76 /* EditProfileViewController.swift */,
				C7B7B4B42A5FF9AD00584E76 /* ChangePWViewController.swift */,
				C7B7B4B62A5FFA0200584E76 /* InfoTabViewController.swift */,
				C7FFB8C12A66C9C5000B7D87 /* FeedSellViewController.swift */,
				C7FFB8C32A66C9D2000B7D87 /* FeedShareViewController.swift */,
				C7FFB8C52A66C9DC000B7D87 /* FeedBuyViewController.swift */,
				C7BB29502A680B74009F36F8 /* FeedSellTableViewCell.swift */,
				C7BB294E2A67FD5D009F36F8 /* FeedShareTableViewCell.swift */,
				C7BB29522A680B80009F36F8 /* FeedBuyTableViewCell.swift */,
				C7D4D21C2A866409003E3401 /* ImageEnrollAlertViewController.swift */,
			);
			path = MyHome;
			sourceTree = "<group>";
		};
		C7B778C12A4E83A300494CEC /* Network */ = {
			isa = PBXGroup;
			children = (
				C7B778C22A4E83FC00494CEC /* APIURL.swift */,
			);
			path = Network;
			sourceTree = "<group>";
		};
		D61734DFB6E61181CAD0B7E4 /* Frameworks */ = {
			isa = PBXGroup;
			children = (
				D84A43E7FECEAC244D1BCF50 /* Pods_RE_FIT.framework */,
			);
			name = Frameworks;
			sourceTree = "<group>";
		};
		FA4E961F5E0731E8279ED14B /* Pods */ = {
			isa = PBXGroup;
			children = (
				FA602EA57996B58FE317E919 /* Pods-RE-FIT.debug.xcconfig */,
				DF9FFD9575CDA486618AA276 /* Pods-RE-FIT.release.xcconfig */,
			);
			path = Pods;
			sourceTree = "<group>";
		};
/* End PBXGroup section */

/* Begin PBXNativeTarget section */
		C79B5A9D2A4D605A00A8B485 /* RE-FIT */ = {
			isa = PBXNativeTarget;
			buildConfigurationList = C79B5AB22A4D605C00A8B485 /* Build configuration list for PBXNativeTarget "RE-FIT" */;
			buildPhases = (
				439E478864B67B6C60870454 /* [CP] Check Pods Manifest.lock */,
				C79B5A9A2A4D605A00A8B485 /* Sources */,
				C79B5A9B2A4D605A00A8B485 /* Frameworks */,
				C79B5A9C2A4D605A00A8B485 /* Resources */,
				D4453BDFDE554D309679F711 /* [CP] Embed Pods Frameworks */,
			);
			buildRules = (
			);
			dependencies = (
			);
			name = "RE-FIT";
			productName = "RE-FIT";
			productReference = C79B5A9E2A4D605A00A8B485 /* RE-FIT.app */;
			productType = "com.apple.product-type.application";
		};
/* End PBXNativeTarget section */

/* Begin PBXProject section */
		C79B5A962A4D605A00A8B485 /* Project object */ = {
			isa = PBXProject;
			attributes = {
				BuildIndependentTargetsInParallel = 1;
				LastSwiftUpdateCheck = 1430;
				LastUpgradeCheck = 1430;
				TargetAttributes = {
					C79B5A9D2A4D605A00A8B485 = {
						CreatedOnToolsVersion = 14.3.1;
					};
				};
			};
			buildConfigurationList = C79B5A992A4D605A00A8B485 /* Build configuration list for PBXProject "RE-FIT" */;
			compatibilityVersion = "Xcode 14.0";
			developmentRegion = en;
			hasScannedForEncodings = 0;
			knownRegions = (
				en,
				Base,
			);
			mainGroup = C79B5A952A4D605A00A8B485;
			productRefGroup = C79B5A9F2A4D605A00A8B485 /* Products */;
			projectDirPath = "";
			projectRoot = "";
			targets = (
				C79B5A9D2A4D605A00A8B485 /* RE-FIT */,
			);
		};
/* End PBXProject section */

/* Begin PBXResourcesBuildPhase section */
		C79B5A9C2A4D605A00A8B485 /* Resources */ = {
			isa = PBXResourcesBuildPhase;
			buildActionMask = 2147483647;
			files = (
				C77166862A4D654100E7F8C8 /* Community.storyboard in Resources */,
				C771668A2A4D656800E7F8C8 /* MyHome.storyboard in Resources */,
				C73F31A82A56B49800D515A8 /* Login.storyboard in Resources */,
				C77166882A4D655E00E7F8C8 /* Clothes.storyboard in Resources */,
				C79B5AAE2A4D605C00A8B485 /* LaunchScreen.storyboard in Resources */,
				C79B5AAB2A4D605C00A8B485 /* Assets.xcassets in Resources */,
				C79B5AA92A4D605A00A8B485 /* Main.storyboard in Resources */,
			);
			runOnlyForDeploymentPostprocessing = 0;
		};
/* End PBXResourcesBuildPhase section */

/* Begin PBXShellScriptBuildPhase section */
		439E478864B67B6C60870454 /* [CP] Check Pods Manifest.lock */ = {
			isa = PBXShellScriptBuildPhase;
			buildActionMask = 2147483647;
			files = (
			);
			inputFileListPaths = (
			);
			inputPaths = (
				"${PODS_PODFILE_DIR_PATH}/Podfile.lock",
				"${PODS_ROOT}/Manifest.lock",
			);
			name = "[CP] Check Pods Manifest.lock";
			outputFileListPaths = (
			);
			outputPaths = (
				"$(DERIVED_FILE_DIR)/Pods-RE-FIT-checkManifestLockResult.txt",
			);
			runOnlyForDeploymentPostprocessing = 0;
			shellPath = /bin/sh;
			shellScript = "diff \"${PODS_PODFILE_DIR_PATH}/Podfile.lock\" \"${PODS_ROOT}/Manifest.lock\" > /dev/null\nif [ $? != 0 ] ; then\n    # print error to STDERR\n    echo \"error: The sandbox is not in sync with the Podfile.lock. Run 'pod install' or update your CocoaPods installation.\" >&2\n    exit 1\nfi\n# This output is used by Xcode 'outputs' to avoid re-running this script phase.\necho \"SUCCESS\" > \"${SCRIPT_OUTPUT_FILE_0}\"\n";
			showEnvVarsInLog = 0;
		};
		D4453BDFDE554D309679F711 /* [CP] Embed Pods Frameworks */ = {
			isa = PBXShellScriptBuildPhase;
			buildActionMask = 2147483647;
			files = (
			);
			inputFileListPaths = (
				"${PODS_ROOT}/Target Support Files/Pods-RE-FIT/Pods-RE-FIT-frameworks-${CONFIGURATION}-input-files.xcfilelist",
			);
			name = "[CP] Embed Pods Frameworks";
			outputFileListPaths = (
				"${PODS_ROOT}/Target Support Files/Pods-RE-FIT/Pods-RE-FIT-frameworks-${CONFIGURATION}-output-files.xcfilelist",
			);
			runOnlyForDeploymentPostprocessing = 0;
			shellPath = /bin/sh;
			shellScript = "\"${PODS_ROOT}/Target Support Files/Pods-RE-FIT/Pods-RE-FIT-frameworks.sh\"\n";
			showEnvVarsInLog = 0;
		};
/* End PBXShellScriptBuildPhase section */

/* Begin PBXSourcesBuildPhase section */
		C79B5A9A2A4D605A00A8B485 /* Sources */ = {
			isa = PBXSourcesBuildPhase;
			buildActionMask = 2147483647;
			files = (
				C73CAF632A8262AC0090E0FD /* MockUpFourViewController.swift in Sources */,
				C768F4BF2A7625E8004BDAB7 /* WritingSingoViewController.swift in Sources */,
				C7D4D21F2A872195003E3401 /* UserJoinPost.swift in Sources */,
				C768F4B72A75FDA1004BDAB7 /* ShareWritingUserViewController.swift in Sources */,
				C7D4D22B2A87A138003E3401 /* UserInfoModel.swift in Sources */,
				C73CAF5D2A82628E0090E0FD /* MockUpOneViewController.swift in Sources */,
				C768F4BD2A760527004BDAB7 /* ShareWritingUserCollectionViewCell.swift in Sources */,
				C7D4D2252A87273A003E3401 /* LogoutPost.swift in Sources */,
				C7B7B4B32A5FF9A200584E76 /* EditProfileViewController.swift in Sources */,
				C726406E2A713E6600CEBFFA /* WritingViewController.swift in Sources */,
				C768F4C32A768AC7004BDAB7 /* WritingSingoEtcViewController.swift in Sources */,
				C7D4D2212A872647003E3401 /* FindIDPost.swift in Sources */,
				C73414422A57B3DE00946ECF /* LoginViewController.swift in Sources */,
				C7D4D21D2A866409003E3401 /* ImageEnrollAlertViewController.swift in Sources */,
				C7B7B4AD2A5FA8CA00584E76 /* MyFeedViewController.swift in Sources */,
				C768F4C52A768AEC004BDAB7 /* SingoCompleteViewController.swift in Sources */,
				C768F4B92A75FDAE004BDAB7 /* SingoAlertViewController.swift in Sources */,
				C7FFB8C22A66C9C5000B7D87 /* FeedSellViewController.swift in Sources */,
				C7B7B4B12A5FA8E500584E76 /* SettingsViewController.swift in Sources */,
				C79B5AA62A4D605A00A8B485 /* ViewController.swift in Sources */,
				C79909942A5E522100296DEC /* FindIDViewController.swift in Sources */,
				C76D92E92A6E01D20088F2D5 /* ShareWritingCollectionViewCell.swift in Sources */,
				C7B548312A4DDD4A001B3F62 /* MainTabViewController.swift in Sources */,
				C73CAF5B2A82627A0090E0FD /* StartPageViewController.swift in Sources */,
				C79B5AA22A4D605A00A8B485 /* AppDelegate.swift in Sources */,
				C7D4D2272A872920003E3401 /* ClothEnrollPost.swift in Sources */,
				C7D4D2292A872AAB003E3401 /* CommunityEnrollPost.swift in Sources */,
				C7BB294F2A67FD5D009F36F8 /* FeedShareTableViewCell.swift in Sources */,
				C7B7B4B72A5FFA0200584E76 /* InfoTabViewController.swift in Sources */,
				C7B3C2F02A7E7280005E2E5A /* DuplicateAlertViewController.swift in Sources */,
				C732F6DB2A7F5E6C00C26F97 /* TreeCollectionViewCell.swift in Sources */,
				C7D1A1B52A792777004D3D58 /* ClothesCollectionViewCell.swift in Sources */,
				C768F4C12A768AB4004BDAB7 /* WritingSingoRealViewController.swift in Sources */,
				C76877672A5C3FA9004FA71F /* FindTabViewController.swift in Sources */,
				C7B7B4AF2A5FA8D400584E76 /* MyLikeViewController.swift in Sources */,
				C7F3A51B2A7BD86800062E14 /* CancelAlertViewController.swift in Sources */,
				C7B3C2F22A7E754E005E2E5A /* TreeViewController.swift in Sources */,
				C768776B2A5C411C004FA71F /* TabPWViewController.swift in Sources */,
				C7BB29532A680B80009F36F8 /* FeedBuyTableViewCell.swift in Sources */,
				C7D4D2232A8726C7003E3401 /* FindPWPost.swift in Sources */,
				C7B7B4B52A5FF9AD00584E76 /* ChangePWViewController.swift in Sources */,
				C76877692A5C4111004FA71F /* TabIDViewController.swift in Sources */,
				C70AE4992A7281DD00D3C251 /* PriceViewController.swift in Sources */,
				C7B3C2EE2A7E7266005E2E5A /* DeleteClothesViewController.swift in Sources */,
				C79909962A5E522C00296DEC /* FindPWViewController.swift in Sources */,
				C7B548332A4DDE49001B3F62 /* CommunityViewController.swift in Sources */,
				C76D92E72A6D33550088F2D5 /* ShareWritingViewController.swift in Sources */,
				C7B778C32A4E83FC00494CEC /* APIURL.swift in Sources */,
				C7426AC62A6FEF850017371B /* DeleteAlertViewController.swift in Sources */,
				C768F4BB2A760359004BDAB7 /* SingoRealViewController.swift in Sources */,
				C7FFB8C62A66C9DC000B7D87 /* FeedBuyViewController.swift in Sources */,
				C7FFB8C42A66C9D2000B7D87 /* FeedShareViewController.swift in Sources */,
				C79B5AA42A4D605A00A8B485 /* SceneDelegate.swift in Sources */,
				C73CAF652A8262C60090E0FD /* MockUpFiveViewController.swift in Sources */,
				C7B548352A4DDE75001B3F62 /* ClothesViewController.swift in Sources */,
				C7B3C2EA2A7E7239005E2E5A /* SelectClothesViewController.swift in Sources */,
				C73414442A5825AE00946ECF /* JoinViewController.swift in Sources */,
				C7B548372A4DDE9E001B3F62 /* MyHomeViewController.swift in Sources */,
				C73CAF612A8262A20090E0FD /* MockUpThreeViewController.swift in Sources */,
				C732F6DF2A7FAD4500C26F97 /* NoAccountAlertViewController.swift in Sources */,
				C73414462A583B6E00946ECF /* AgreeViewController.swift in Sources */,
				C73CAF5F2A8262980090E0FD /* MockUpTwoViewController.swift in Sources */,
				C751C4722A7A840300616256 /* EnrollClothesViewController.swift in Sources */,
				C7B7B4AB2A5FA8BC00584E76 /* MyInfoViewController.swift in Sources */,
				C76877652A5C3F26004FA71F /* FindViewController.swift in Sources */,
				C7B3C2EC2A7E7253005E2E5A /* CompleteClothesViewController.swift in Sources */,
				C732F6DD2A7FA99500C26F97 /* NoUserAlertViewController.swift in Sources */,
				C76870E82A6AAEA000022FC0 /* EmailPost.swift in Sources */,
				C7BB29512A680B74009F36F8 /* FeedSellTableViewCell.swift in Sources */,
				C76D92E52A6C0B8C0088F2D5 /* CommunityTableViewCell.swift in Sources */,
			);
			runOnlyForDeploymentPostprocessing = 0;
		};
/* End PBXSourcesBuildPhase section */

/* Begin PBXVariantGroup section */
		C79B5AA72A4D605A00A8B485 /* Main.storyboard */ = {
			isa = PBXVariantGroup;
			children = (
				C79B5AA82A4D605A00A8B485 /* Base */,
			);
			name = Main.storyboard;
			sourceTree = "<group>";
		};
		C79B5AAC2A4D605C00A8B485 /* LaunchScreen.storyboard */ = {
			isa = PBXVariantGroup;
			children = (
				C79B5AAD2A4D605C00A8B485 /* Base */,
			);
			name = LaunchScreen.storyboard;
			sourceTree = "<group>";
		};
/* End PBXVariantGroup section */

/* Begin XCBuildConfiguration section */
		C79B5AB02A4D605C00A8B485 /* Debug */ = {
			isa = XCBuildConfiguration;
			buildSettings = {
				ALWAYS_SEARCH_USER_PATHS = NO;
				CLANG_ANALYZER_NONNULL = YES;
				CLANG_ANALYZER_NUMBER_OBJECT_CONVERSION = YES_AGGRESSIVE;
				CLANG_CXX_LANGUAGE_STANDARD = "gnu++20";
				CLANG_ENABLE_MODULES = YES;
				CLANG_ENABLE_OBJC_ARC = YES;
				CLANG_ENABLE_OBJC_WEAK = YES;
				CLANG_WARN_BLOCK_CAPTURE_AUTORELEASING = YES;
				CLANG_WARN_BOOL_CONVERSION = YES;
				CLANG_WARN_COMMA = YES;
				CLANG_WARN_CONSTANT_CONVERSION = YES;
				CLANG_WARN_DEPRECATED_OBJC_IMPLEMENTATIONS = YES;
				CLANG_WARN_DIRECT_OBJC_ISA_USAGE = YES_ERROR;
				CLANG_WARN_DOCUMENTATION_COMMENTS = YES;
				CLANG_WARN_EMPTY_BODY = YES;
				CLANG_WARN_ENUM_CONVERSION = YES;
				CLANG_WARN_INFINITE_RECURSION = YES;
				CLANG_WARN_INT_CONVERSION = YES;
				CLANG_WARN_NON_LITERAL_NULL_CONVERSION = YES;
				CLANG_WARN_OBJC_IMPLICIT_RETAIN_SELF = YES;
				CLANG_WARN_OBJC_LITERAL_CONVERSION = YES;
				CLANG_WARN_OBJC_ROOT_CLASS = YES_ERROR;
				CLANG_WARN_QUOTED_INCLUDE_IN_FRAMEWORK_HEADER = YES;
				CLANG_WARN_RANGE_LOOP_ANALYSIS = YES;
				CLANG_WARN_STRICT_PROTOTYPES = YES;
				CLANG_WARN_SUSPICIOUS_MOVE = YES;
				CLANG_WARN_UNGUARDED_AVAILABILITY = YES_AGGRESSIVE;
				CLANG_WARN_UNREACHABLE_CODE = YES;
				CLANG_WARN__DUPLICATE_METHOD_MATCH = YES;
				COPY_PHASE_STRIP = NO;
				DEBUG_INFORMATION_FORMAT = dwarf;
				ENABLE_STRICT_OBJC_MSGSEND = YES;
				ENABLE_TESTABILITY = YES;
				GCC_C_LANGUAGE_STANDARD = gnu11;
				GCC_DYNAMIC_NO_PIC = NO;
				GCC_NO_COMMON_BLOCKS = YES;
				GCC_OPTIMIZATION_LEVEL = 0;
				GCC_PREPROCESSOR_DEFINITIONS = (
					"DEBUG=1",
					"$(inherited)",
				);
				GCC_WARN_64_TO_32_BIT_CONVERSION = YES;
				GCC_WARN_ABOUT_RETURN_TYPE = YES_ERROR;
				GCC_WARN_UNDECLARED_SELECTOR = YES;
				GCC_WARN_UNINITIALIZED_AUTOS = YES_AGGRESSIVE;
				GCC_WARN_UNUSED_FUNCTION = YES;
				GCC_WARN_UNUSED_VARIABLE = YES;
				IPHONEOS_DEPLOYMENT_TARGET = 16.4;
				MTL_ENABLE_DEBUG_INFO = INCLUDE_SOURCE;
				MTL_FAST_MATH = YES;
				ONLY_ACTIVE_ARCH = YES;
				SDKROOT = iphoneos;
				SWIFT_ACTIVE_COMPILATION_CONDITIONS = DEBUG;
				SWIFT_OPTIMIZATION_LEVEL = "-Onone";
			};
			name = Debug;
		};
		C79B5AB12A4D605C00A8B485 /* Release */ = {
			isa = XCBuildConfiguration;
			buildSettings = {
				ALWAYS_SEARCH_USER_PATHS = NO;
				CLANG_ANALYZER_NONNULL = YES;
				CLANG_ANALYZER_NUMBER_OBJECT_CONVERSION = YES_AGGRESSIVE;
				CLANG_CXX_LANGUAGE_STANDARD = "gnu++20";
				CLANG_ENABLE_MODULES = YES;
				CLANG_ENABLE_OBJC_ARC = YES;
				CLANG_ENABLE_OBJC_WEAK = YES;
				CLANG_WARN_BLOCK_CAPTURE_AUTORELEASING = YES;
				CLANG_WARN_BOOL_CONVERSION = YES;
				CLANG_WARN_COMMA = YES;
				CLANG_WARN_CONSTANT_CONVERSION = YES;
				CLANG_WARN_DEPRECATED_OBJC_IMPLEMENTATIONS = YES;
				CLANG_WARN_DIRECT_OBJC_ISA_USAGE = YES_ERROR;
				CLANG_WARN_DOCUMENTATION_COMMENTS = YES;
				CLANG_WARN_EMPTY_BODY = YES;
				CLANG_WARN_ENUM_CONVERSION = YES;
				CLANG_WARN_INFINITE_RECURSION = YES;
				CLANG_WARN_INT_CONVERSION = YES;
				CLANG_WARN_NON_LITERAL_NULL_CONVERSION = YES;
				CLANG_WARN_OBJC_IMPLICIT_RETAIN_SELF = YES;
				CLANG_WARN_OBJC_LITERAL_CONVERSION = YES;
				CLANG_WARN_OBJC_ROOT_CLASS = YES_ERROR;
				CLANG_WARN_QUOTED_INCLUDE_IN_FRAMEWORK_HEADER = YES;
				CLANG_WARN_RANGE_LOOP_ANALYSIS = YES;
				CLANG_WARN_STRICT_PROTOTYPES = YES;
				CLANG_WARN_SUSPICIOUS_MOVE = YES;
				CLANG_WARN_UNGUARDED_AVAILABILITY = YES_AGGRESSIVE;
				CLANG_WARN_UNREACHABLE_CODE = YES;
				CLANG_WARN__DUPLICATE_METHOD_MATCH = YES;
				COPY_PHASE_STRIP = NO;
				DEBUG_INFORMATION_FORMAT = "dwarf-with-dsym";
				ENABLE_NS_ASSERTIONS = NO;
				ENABLE_STRICT_OBJC_MSGSEND = YES;
				GCC_C_LANGUAGE_STANDARD = gnu11;
				GCC_NO_COMMON_BLOCKS = YES;
				GCC_WARN_64_TO_32_BIT_CONVERSION = YES;
				GCC_WARN_ABOUT_RETURN_TYPE = YES_ERROR;
				GCC_WARN_UNDECLARED_SELECTOR = YES;
				GCC_WARN_UNINITIALIZED_AUTOS = YES_AGGRESSIVE;
				GCC_WARN_UNUSED_FUNCTION = YES;
				GCC_WARN_UNUSED_VARIABLE = YES;
				IPHONEOS_DEPLOYMENT_TARGET = 16.4;
				MTL_ENABLE_DEBUG_INFO = NO;
				MTL_FAST_MATH = YES;
				SDKROOT = iphoneos;
				SWIFT_COMPILATION_MODE = wholemodule;
				SWIFT_OPTIMIZATION_LEVEL = "-O";
				VALIDATE_PRODUCT = YES;
			};
			name = Release;
		};
		C79B5AB32A4D605C00A8B485 /* Debug */ = {
			isa = XCBuildConfiguration;
			baseConfigurationReference = FA602EA57996B58FE317E919 /* Pods-RE-FIT.debug.xcconfig */;
			buildSettings = {
				ASSETCATALOG_COMPILER_APPICON_NAME = AppIcon;
				ASSETCATALOG_COMPILER_GLOBAL_ACCENT_COLOR_NAME = AccentColor;
				CODE_SIGN_STYLE = Automatic;
				CURRENT_PROJECT_VERSION = 1;
				DEVELOPMENT_TEAM = R8ZX684WX2;
				GENERATE_INFOPLIST_FILE = YES;
				INFOPLIST_FILE = "RE-FIT/Info.plist";
				INFOPLIST_KEY_UIApplicationSupportsIndirectInputEvents = YES;
				INFOPLIST_KEY_UILaunchStoryboardName = LaunchScreen;
				INFOPLIST_KEY_UIMainStoryboardFile = Main;
				INFOPLIST_KEY_UISupportedInterfaceOrientations_iPad = "UIInterfaceOrientationPortrait UIInterfaceOrientationPortraitUpsideDown UIInterfaceOrientationLandscapeLeft UIInterfaceOrientationLandscapeRight";
				INFOPLIST_KEY_UISupportedInterfaceOrientations_iPhone = "UIInterfaceOrientationPortrait UIInterfaceOrientationLandscapeLeft UIInterfaceOrientationLandscapeRight";
				LD_RUNPATH_SEARCH_PATHS = (
					"$(inherited)",
					"@executable_path/Frameworks",
				);
				MARKETING_VERSION = 1.0;
				PRODUCT_BUNDLE_IDENTIFIER = "com.JKPARK.RE-FIT";
				PRODUCT_NAME = "$(TARGET_NAME)";
				SWIFT_EMIT_LOC_STRINGS = YES;
				SWIFT_VERSION = 5.0;
				TARGETED_DEVICE_FAMILY = "1,2";
			};
			name = Debug;
		};
		C79B5AB42A4D605C00A8B485 /* Release */ = {
			isa = XCBuildConfiguration;
			baseConfigurationReference = DF9FFD9575CDA486618AA276 /* Pods-RE-FIT.release.xcconfig */;
			buildSettings = {
				ASSETCATALOG_COMPILER_APPICON_NAME = AppIcon;
				ASSETCATALOG_COMPILER_GLOBAL_ACCENT_COLOR_NAME = AccentColor;
				CODE_SIGN_STYLE = Automatic;
				CURRENT_PROJECT_VERSION = 1;
				DEVELOPMENT_TEAM = R8ZX684WX2;
				GENERATE_INFOPLIST_FILE = YES;
				INFOPLIST_FILE = "RE-FIT/Info.plist";
				INFOPLIST_KEY_UIApplicationSupportsIndirectInputEvents = YES;
				INFOPLIST_KEY_UILaunchStoryboardName = LaunchScreen;
				INFOPLIST_KEY_UIMainStoryboardFile = Main;
				INFOPLIST_KEY_UISupportedInterfaceOrientations_iPad = "UIInterfaceOrientationPortrait UIInterfaceOrientationPortraitUpsideDown UIInterfaceOrientationLandscapeLeft UIInterfaceOrientationLandscapeRight";
				INFOPLIST_KEY_UISupportedInterfaceOrientations_iPhone = "UIInterfaceOrientationPortrait UIInterfaceOrientationLandscapeLeft UIInterfaceOrientationLandscapeRight";
				LD_RUNPATH_SEARCH_PATHS = (
					"$(inherited)",
					"@executable_path/Frameworks",
				);
				MARKETING_VERSION = 1.0;
				PRODUCT_BUNDLE_IDENTIFIER = "com.JKPARK.RE-FIT";
				PRODUCT_NAME = "$(TARGET_NAME)";
				SWIFT_EMIT_LOC_STRINGS = YES;
				SWIFT_VERSION = 5.0;
				TARGETED_DEVICE_FAMILY = "1,2";
			};
			name = Release;
		};
/* End XCBuildConfiguration section */

/* Begin XCConfigurationList section */
		C79B5A992A4D605A00A8B485 /* Build configuration list for PBXProject "RE-FIT" */ = {
			isa = XCConfigurationList;
			buildConfigurations = (
				C79B5AB02A4D605C00A8B485 /* Debug */,
				C79B5AB12A4D605C00A8B485 /* Release */,
			);
			defaultConfigurationIsVisible = 0;
			defaultConfigurationName = Release;
		};
		C79B5AB22A4D605C00A8B485 /* Build configuration list for PBXNativeTarget "RE-FIT" */ = {
			isa = XCConfigurationList;
			buildConfigurations = (
				C79B5AB32A4D605C00A8B485 /* Debug */,
				C79B5AB42A4D605C00A8B485 /* Release */,
			);
			defaultConfigurationIsVisible = 0;
			defaultConfigurationName = Release;
		};
/* End XCConfigurationList section */
	};
	rootObject = C79B5A962A4D605A00A8B485 /* Project object */;
}
